# THIS IS AN AUTOGENERATED FILE. DO NOT EDIT THIS FILE DIRECTLY.
# yarn lockfile v1


"@rayyamhk/complex@1.0.10":
  version "1.0.10"
  resolved "https://registry.yarnpkg.com/@rayyamhk/complex/-/complex-1.0.10.tgz#6daa9c1bf4b6a86b2e1414a6aa8a1f32ef6a8ace"
  integrity sha512-0HGH6SDcOd34zQVO97pfnIU6ul/qu0WkShZdupLLS3e5IEyNSkaX7mgVsDcWLpFNxLRs5RL2wS7iIYbsEp9MZg==

"@rayyamhk/matrix@^1.0.5":
  version "1.0.8"
  resolved "https://registry.yarnpkg.com/@rayyamhk/matrix/-/matrix-1.0.8.tgz#207649294a59bedf302fc714cd393abfe67e9bf9"
  integrity sha512-EIvEnmcL4q5FMb/g20/FxoZnewkbiiSY4S0+TWu+jkAKF4E/p8ocUN3CET0AXUVJwaA7t8drtBwGNFE8qAgAxg==
  dependencies:
    "@rayyamhk/complex" "1.0.10"

"@types/ace@*":
  version "0.0.52"
  resolved "https://registry.yarnpkg.com/@types/ace/-/ace-0.0.52.tgz#e530e7b85e5407ed3b8c987a3719692ac0d95d4c"
  integrity sha512-YPF9S7fzpuyrxru+sG/rrTpZkC6gpHBPF14W3x70kqVOD+ks6jkYLapk4yceh36xej7K4HYxcyz9ZDQ2lTvwgQ==

"@types/body-parser@*":
  version "1.19.5"
  resolved "https://registry.yarnpkg.com/@types/body-parser/-/body-parser-1.19.5.tgz#04ce9a3b677dc8bd681a17da1ab9835dc9d3ede4"
  integrity sha512-fB3Zu92ucau0iQ0JMCFQE7b/dv8Ot07NI3KaZIkIUNXq82k4eBAqUaneXfleGY9JWskeS9y+u0nXMyspcuQrCg==
  dependencies:
    "@types/connect" "*"
    "@types/node" "*"

"@types/connect@*":
  version "3.4.38"
  resolved "https://registry.yarnpkg.com/@types/connect/-/connect-3.4.38.tgz#5ba7f3bc4fbbdeaff8dded952e5ff2cc53f8d858"
  integrity sha512-K6uROf1LD88uDQqJCktA4yzL1YYAK6NgfsI0v/mTgyPKWsX1CnJ0XPSDhViejru1GcRkLWb8RlzFYJRqGUbaug==
  dependencies:
    "@types/node" "*"

"@types/cors@*":
  version "2.8.17"
  resolved "https://registry.yarnpkg.com/@types/cors/-/cors-2.8.17.tgz#5d718a5e494a8166f569d986794e49c48b216b2b"
  integrity sha512-8CGDvrBj1zgo2qE+oS3pOCyYNqCPryMWY2bGfwA0dcfopWGgxs+78df0Rs3rc9THP4JkOhLsAa+15VdpAqkcUA==
  dependencies:
    "@types/node" "*"

"@types/express-serve-static-core@^5.0.0":
  version "5.0.6"
  resolved "https://registry.yarnpkg.com/@types/express-serve-static-core/-/express-serve-static-core-5.0.6.tgz#41fec4ea20e9c7b22f024ab88a95c6bb288f51b8"
  integrity sha512-3xhRnjJPkULekpSzgtoNYYcTWgEZkp4myc+Saevii5JPnHNvHMRlBSHDbs7Bh1iPPoVTERHEZXyhyLbMEsExsA==
  dependencies:
    "@types/node" "*"
    "@types/qs" "*"
    "@types/range-parser" "*"
    "@types/send" "*"

"@types/express@*":
  version "5.0.0"
  resolved "https://registry.yarnpkg.com/@types/express/-/express-5.0.0.tgz#13a7d1f75295e90d19ed6e74cab3678488eaa96c"
  integrity sha512-DvZriSMehGHL1ZNLzi6MidnsDhUZM/x2pRdDIKdwbUNqqwHxMlRdkxtn6/EPKyqKpHqTl/4nRZsRNLpZxZRpPQ==
  dependencies:
    "@types/body-parser" "*"
    "@types/express-serve-static-core" "^5.0.0"
    "@types/qs" "*"
    "@types/serve-static" "*"

"@types/http-errors@*":
  version "2.0.4"
  resolved "https://registry.yarnpkg.com/@types/http-errors/-/http-errors-2.0.4.tgz#7eb47726c391b7345a6ec35ad7f4de469cf5ba4f"
  integrity sha512-D0CFMMtydbJAegzOyHjtiKPLlvnm3iTZyZRSZoLq2mRhDdmLfIWOCYPfQJ4cu2erKghU++QvjcUjp/5h7hESpA==

"@types/jquery@*":
  version "3.5.32"
  resolved "https://registry.yarnpkg.com/@types/jquery/-/jquery-3.5.32.tgz#3eb0da20611b92c7c49ebed6163b52a4fdc57def"
  integrity sha512-b9Xbf4CkMqS02YH8zACqN1xzdxc3cO735Qe5AbSUFmyOiaWAbcpqh9Wna+Uk0vgACvoQHpWDg2rGdHkYPLmCiQ==
  dependencies:
    "@types/sizzle" "*"

"@types/mime@^1":
  version "1.3.5"
  resolved "https://registry.yarnpkg.com/@types/mime/-/mime-1.3.5.tgz#1ef302e01cf7d2b5a0fa526790c9123bf1d06690"
  integrity sha512-/pyBZWSLD2n0dcHE3hq8s8ZvcETHtEuF+3E7XVt0Ig2nvsVQXdghHVcEkIWjy9A0wKfTn97a/PSDYohKIlnP/w==

"@types/node-red@^1.3.5":
  version "1.3.5"
  resolved "https://registry.yarnpkg.com/@types/node-red/-/node-red-1.3.5.tgz#821b54d7ea82ec88164fe6968e39a5c644830d40"
  integrity sha512-LBP8TmXJszHOoRgieyxgUrspvatmTZlkPRftlSNGE9TVJCQzSSyX3tF/Qe4evQlIUBmMGOijxcUOcKZSvq4piQ==
  dependencies:
    "@types/express" "*"
    "@types/node-red__editor-api" "*"
    "@types/node-red__editor-client" "*"
    "@types/node-red__registry" "*"
    "@types/node-red__runtime" "*"
    "@types/node-red__util" "*"

"@types/node-red__editor-api@*":
  version "1.3.5"
  resolved "https://registry.yarnpkg.com/@types/node-red__editor-api/-/node-red__editor-api-1.3.5.tgz#b21b73f82a6c1917b70310a56ae023feed5a66a6"
  integrity sha512-VE0o/gJzHVBTD2OBhpWth3sjU06TYLlLvlPh62Whs9FXUY0FdFKqWXbaG+ymYQqZreL1ZvTKfFmj0H7LnVEUeg==
  dependencies:
    "@types/express" "*"
    "@types/node-red__runtime" "*"

"@types/node-red__editor-client@*":
  version "1.3.11"
  resolved "https://registry.yarnpkg.com/@types/node-red__editor-client/-/node-red__editor-client-1.3.11.tgz#c335a1312337d3abe37c8d86b1fa7f1093574f3f"
  integrity sha512-Y8FGsMfec4TAVfULabH/Jui+4Cj4F3xx9v4GDpoTN5X9uHwOxdRi9UDtdvG+se/S76CFg6VjsctpJW0WjJUXgw==
  dependencies:
    "@types/ace" "*"
    "@types/jquery" "*"
    "@types/node-red__registry" "*"
    "@types/node-red__runtime" "*"
    "@types/node-red__util" "*"

"@types/node-red__registry@*":
  version "1.3.10"
  resolved "https://registry.yarnpkg.com/@types/node-red__registry/-/node-red__registry-1.3.10.tgz#984d76bf3cf9fe101cce8a2df0b96e9a6369b056"
  integrity sha512-sWjQMHn/k3OTFlrG7ljcfOMjsl1OdFEvDkRHoBga2srUjbtecELEcPaQ4WY5xsJdoXuhgxvhGh/5+ZPhpNTXEA==
  dependencies:
    "@types/express" "*"
    "@types/node-red__runtime" "*"
    "@types/node-red__util" "*"

"@types/node-red__runtime@*":
  version "1.3.8"
  resolved "https://registry.yarnpkg.com/@types/node-red__runtime/-/node-red__runtime-1.3.8.tgz#44b64156ce18a501b4e04b3b56fb21408942ce10"
  integrity sha512-v5wsFjL6/kQ/YSz7WjC1J9yvE+NP8r5uivQTMBxnNnBabmDJo+dBmdp0rqJczbPNQS0ze7JGDQWz3Iuve+pYlw==
  dependencies:
    "@types/cors" "*"
    "@types/express" "*"
    "@types/node-red__editor-api" "*"
    "@types/node-red__util" "*"
    "@types/passport" "*"

"@types/node-red__util@*":
  version "1.3.8"
  resolved "https://registry.yarnpkg.com/@types/node-red__util/-/node-red__util-1.3.8.tgz#dee0a580fc6868f8263a58d7a562c6c6f2659b18"
  integrity sha512-FQRxaZyUJlyh2phJevzMSF4H8jrsOUmFg05eyhRX5lvDcc/VqdZWcYdAq9dZPRgIwHJwLBttEh9mG3DAcMJiUg==
  dependencies:
    "@types/node-red__registry" "*"
    "@types/node-red__runtime" "*"
    jsonata "2.0.5"

"@types/node@*", "@types/node@^22.13.1":
  version "22.13.1"
  resolved "https://registry.yarnpkg.com/@types/node/-/node-22.13.1.tgz#a2a3fefbdeb7ba6b89f40371842162fac0934f33"
  integrity sha512-jK8uzQlrvXqEU91UxiK5J7pKHyzgnI1Qnl0QDHIgVGuolJhRb9EEl28Cj9b3rGR8B2lhFCtvIm5os8lFnO/1Ew==
  dependencies:
    undici-types "~6.20.0"

"@types/passport@*":
  version "1.0.17"
  resolved "https://registry.yarnpkg.com/@types/passport/-/passport-1.0.17.tgz#718a8d1f7000ebcf6bbc0853da1bc8c4bc7ea5e6"
  integrity sha512-aciLyx+wDwT2t2/kJGJR2AEeBz0nJU4WuRX04Wu9Dqc5lSUtwu0WERPHYsLhF9PtseiAMPBGNUOtFjxZ56prsg==
  dependencies:
    "@types/express" "*"

"@types/qs@*":
  version "6.9.18"
  resolved "https://registry.yarnpkg.com/@types/qs/-/qs-6.9.18.tgz#877292caa91f7c1b213032b34626505b746624c2"
  integrity sha512-kK7dgTYDyGqS+e2Q4aK9X3D7q234CIZ1Bv0q/7Z5IwRDoADNU81xXJK/YVyLbLTZCoIwUoDoffFeF+p/eIklAA==

"@types/range-parser@*":
  version "1.2.7"
  resolved "https://registry.yarnpkg.com/@types/range-parser/-/range-parser-1.2.7.tgz#50ae4353eaaddc04044279812f52c8c65857dbcb"
  integrity sha512-hKormJbkJqzQGhziax5PItDUTMAM9uE2XXQmM37dyd4hVM+5aVl7oVxMVUiVQn2oCQFN/LKCZdvSM0pFRqbSmQ==

"@types/send@*":
  version "0.17.4"
  resolved "https://registry.yarnpkg.com/@types/send/-/send-0.17.4.tgz#6619cd24e7270793702e4e6a4b958a9010cfc57a"
  integrity sha512-x2EM6TJOybec7c52BX0ZspPodMsQUd5L6PRwOunVyVUhXiBSKf3AezDL8Dgvgt5o0UfKNfuA0eMLr2wLT4AiBA==
  dependencies:
    "@types/mime" "^1"
    "@types/node" "*"

"@types/serve-static@*":
  version "1.15.7"
  resolved "https://registry.yarnpkg.com/@types/serve-static/-/serve-static-1.15.7.tgz#22174bbd74fb97fe303109738e9b5c2f3064f714"
  integrity sha512-W8Ym+h8nhuRwaKPaDw34QUkwsGi6Rc4yYqvKFo5rm2FUEhCFbzVWrxXUxuKK8TASjWsysJY0nsmNCGhCOIsrOw==
  dependencies:
    "@types/http-errors" "*"
    "@types/node" "*"
    "@types/send" "*"

"@types/sizzle@*":
  version "2.3.9"
  resolved "https://registry.yarnpkg.com/@types/sizzle/-/sizzle-2.3.9.tgz#d4597dbd4618264c414d7429363e3f50acb66ea2"
  integrity sha512-xzLEyKB50yqCUPUJkIsrVvoWNfFUbIZI+RspLWt8u+tIW/BetMBZtgV2LY/2o+tYH8dRvQ+eoPf3NdhQCcLE2w==

jsonata@2.0.5:
  version "2.0.5"
  resolved "https://registry.yarnpkg.com/jsonata/-/jsonata-2.0.5.tgz#2b3b5098c019b264c4fae061a9cb24d59c7115a2"
  integrity sha512-wEse9+QLIIU5IaCgtJCPsFi/H4F3qcikWzF4bAELZiRz08ohfx3Q6CjDRf4ZPF5P/92RI3KIHtb7u3jqPaHXdQ==

kalman-filter@^2.3.0:
  version "2.3.0"
  resolved "https://registry.yarnpkg.com/kalman-filter/-/kalman-filter-2.3.0.tgz#e20b7e32c93aaae5b1ac94a48c8b91e11657bb16"
  integrity sha512-DcH0LcuJdU8uo9w8VaJvoDTQ5HtgpPAIpt81/3fP/zYBrfQVgQOa566ZVOeM6x93t5s95kByeEY26my4SrpH7w==
  dependencies:
    "@rayyamhk/matrix" "^1.0.5"
    matrix-inverse "^2.0.0"
    simple-linalg "^1.2.0"

matrix-inverse@^2.0.0:
  version "2.0.0"
  resolved "https://registry.yarnpkg.com/matrix-inverse/-/matrix-inverse-2.0.0.tgz#2e8db33f8b977bd5e3b03f31d2fae89c2278203b"
  integrity sha512-iUZfjmnAEDah54qLlj63PYFnZvcCwW+mhfYgf3KrtDn1ruyVE5vFrEeJ77RfsHaqMN/L3ZLnP+5/O2E7bgKEvQ==

simple-linalg@^1.2.0:
  version "1.5.0"
  resolved "https://registry.yarnpkg.com/simple-linalg/-/simple-linalg-1.5.0.tgz#82334c3421799bcc33544eb7a19be95a7cf8d8c8"
  integrity sha512-jeuUoszKtkcNyohIkXNEY5LEWdH6s8YQif8iTzh37cNOP7kqStORz4jziXOvCde9Y0VR+Zm06DkEaHtT1x12WQ==
  dependencies:
    matrix-inverse "^2.0.0"

typescript@^5.7.3:
  version "5.7.3"
  resolved "https://registry.yarnpkg.com/typescript/-/typescript-5.7.3.tgz#919b44a7dbb8583a9b856d162be24a54bf80073e"
  integrity sha512-84MVSjMEHP+FQRPy3pX9sTVV/INIex71s9TL2Gm5FG/WG1SqXeKyZ0k7/blY/4FdOzI12CBy1vGc4og/eus0fw==

undici-types@~6.20.0:
  version "6.20.0"
  resolved "https://registry.yarnpkg.com/undici-types/-/undici-types-6.20.0.tgz#8171bf22c1f588d1554d55bf204bc624af388433"
  integrity sha512-Ny6QZ2Nju20vw1SRHe3d9jVu6gJ+4e3+MMpqu7pqE5HT6WsTSlce++GQmK5UXS8mzV8DSYHrQH+Xrf2jVcuKNg==
